
Microsoft Visual Studio Solution File, Format Version 12.00
# Visual Studio Version 16
VisualStudioVersion = 16.0.30523.141
MinimumVisualStudioVersion = 10.0.40219.1
Project("{FAE04EC0-301F-11D3-BF4B-00C04F79EFBC}") = "HotelAplication.BL", "HotelAplication.BL\HotelAplication.BL.csproj", "{FE1C6784-3ECD-4903-9311-C16549764DE3}"
EndProject
Project("{FAE04EC0-301F-11D3-BF4B-00C04F79EFBC}") = "HotelAplication.CMD", "HotelAplication.CMD\HotelAplication.CMD.csproj", "{5BD1F44C-43A3-4FF2-9468-A1A445DFB401}"
EndProject
Global
	GlobalSection(SolutionConfigurationPlatforms) = preSolution
		Debug|Any CPU = Debug|Any CPU
		Release|Any CPU = Release|Any CPU
	EndGlobalSection
	GlobalSection(ProjectConfigurationPlatforms) = postSolution
		{FE1C6784-3ECD-4903-9311-C16549764DE3}.Debug|Any CPU.ActiveCfg = Debug|Any CPU
		{FE1C6784-3ECD-4903-9311-C16549764DE3}.Debug|Any CPU.Build.0 = Debug|Any CPU
		{FE1C6784-3ECD-4903-9311-C16549764DE3}.Release|Any CPU.ActiveCfg = Release|Any CPU
		{FE1C6784-3ECD-4903-9311-C16549764DE3}.Release|Any CPU.Build.0 = Release|Any CPU
		{5BD1F44C-43A3-4FF2-9468-A1A445DFB401}.Debug|Any CPU.ActiveCfg = Debug|Any CPU
		{5BD1F44C-43A3-4FF2-9468-A1A445DFB401}.Debug|Any CPU.Build.0 = Debug|Any CPU
		{5BD1F44C-43A3-4FF2-9468-A1A445DFB401}.Release|Any CPU.ActiveCfg = Release|Any CPU
		{5BD1F44C-43A3-4FF2-9468-A1A445DFB401}.Release|Any CPU.Build.0 = Release|Any CPU
	EndGlobalSection
	GlobalSection(SolutionProperties) = preSolution
		HideSolutionNode = FALSE
	EndGlobalSection
	GlobalSection(ExtensibilityGlobals) = postSolution
		SolutionGuid = {D659F34A-76B5-4FAE-8C31-CF5129936D31}
	EndGlobalSection
EndGlobal
